
Microsoft Visual Studio Solution File, Format Version 12.00
# Visual Studio Version 17
VisualStudioVersion = 17.11.35312.102
MinimumVisualStudioVersion = 10.0.40219.1
Project("{FAE04EC0-301F-11D3-BF4B-00C04F79EFBC}") = "Operators", "ConsoleApp1\Operators.csproj", "{71084412-CA22-4C9F-942E-D7BDEAA9807C}"
EndProject
Project("{9A19103F-16F7-4668-BE54-9A1E7A4F7556}") = "StringsArraysAndLists", "ConsoleApp3\StringsArraysAndLists.csproj", "{BBF96D46-2AC8-4290-ABE5-08FA042D7C0B}"
EndProject
Project("{FAE04EC0-301F-11D3-BF4B-00C04F79EFBC}") = "TemperatureConverter", "TemperatureConverter\TemperatureConverter.csproj", "{EFFCA7F6-2F66-409E-92C9-79328ADC9B76}"
EndProject
Project("{FAE04EC0-301F-11D3-BF4B-00C04F79EFBC}") = "ClassesAndObjects", "ClassesAndObjects\ClassesAndObjects.csproj", "{7E861505-918E-4037-8AD3-19D72017EBB7}"
EndProject
Global
	GlobalSection(SolutionConfigurationPlatforms) = preSolution
		Debug|Any CPU = Debug|Any CPU
		Release|Any CPU = Release|Any CPU
	EndGlobalSection
	GlobalSection(ProjectConfigurationPlatforms) = postSolution
		{71084412-CA22-4C9F-942E-D7BDEAA9807C}.Debug|Any CPU.ActiveCfg = Debug|Any CPU
		{71084412-CA22-4C9F-942E-D7BDEAA9807C}.Debug|Any CPU.Build.0 = Debug|Any CPU
		{71084412-CA22-4C9F-942E-D7BDEAA9807C}.Release|Any CPU.ActiveCfg = Release|Any CPU
		{71084412-CA22-4C9F-942E-D7BDEAA9807C}.Release|Any CPU.Build.0 = Release|Any CPU
		{BBF96D46-2AC8-4290-ABE5-08FA042D7C0B}.Debug|Any CPU.ActiveCfg = Debug|Any CPU
		{BBF96D46-2AC8-4290-ABE5-08FA042D7C0B}.Debug|Any CPU.Build.0 = Debug|Any CPU
		{BBF96D46-2AC8-4290-ABE5-08FA042D7C0B}.Release|Any CPU.ActiveCfg = Release|Any CPU
		{BBF96D46-2AC8-4290-ABE5-08FA042D7C0B}.Release|Any CPU.Build.0 = Release|Any CPU
		{EFFCA7F6-2F66-409E-92C9-79328ADC9B76}.Debug|Any CPU.ActiveCfg = Debug|Any CPU
		{EFFCA7F6-2F66-409E-92C9-79328ADC9B76}.Debug|Any CPU.Build.0 = Debug|Any CPU
		{EFFCA7F6-2F66-409E-92C9-79328ADC9B76}.Release|Any CPU.ActiveCfg = Release|Any CPU
		{EFFCA7F6-2F66-409E-92C9-79328ADC9B76}.Release|Any CPU.Build.0 = Release|Any CPU
		{7E861505-918E-4037-8AD3-19D72017EBB7}.Debug|Any CPU.ActiveCfg = Debug|Any CPU
		{7E861505-918E-4037-8AD3-19D72017EBB7}.Debug|Any CPU.Build.0 = Debug|Any CPU
		{7E861505-918E-4037-8AD3-19D72017EBB7}.Release|Any CPU.ActiveCfg = Release|Any CPU
		{7E861505-918E-4037-8AD3-19D72017EBB7}.Release|Any CPU.Build.0 = Release|Any CPU
	EndGlobalSection
	GlobalSection(SolutionProperties) = preSolution
		HideSolutionNode = FALSE
	EndGlobalSection
	GlobalSection(ExtensibilityGlobals) = postSolution
		SolutionGuid = {847FF9EA-D45C-497D-A16B-BC9D1ECEA78C}
	EndGlobalSection
EndGlobal
